
Microsoft Visual Studio Solution File, Format Version 12.00
# Visual Studio Version 16
VisualStudioVersion = 16.0.30717.126
MinimumVisualStudioVersion = 10.0.40219.1
Project("{9A19103F-16F7-4668-BE54-9A1E7A4F7556}") = "Net.Cycle.Console", "Net.Cycle.Console\Net.Cycle.Console.csproj", "{CFEE7000-1881-4E69-B86C-DCD41FED5149}"
EndProject
Project("{9A19103F-16F7-4668-BE54-9A1E7A4F7556}") = "Net.Cycle.Lib1", "Net.Cycle.Lib1\Net.Cycle.Lib1.csproj", "{49A8DA52-9DDA-4AD4-8B25-70234C76CAC5}"
EndProject
Project("{9A19103F-16F7-4668-BE54-9A1E7A4F7556}") = "Net.Cycle.Lib2", "Net.Cycle.Lib2\Net.Cycle.Lib2.csproj", "{3AF180AC-3797-4E30-8CB0-1BA8500B7E47}"
EndProject
Project("{9A19103F-16F7-4668-BE54-9A1E7A4F7556}") = "Net.Cycle.Lib3", "Net.Cycle.Lib3\Net.Cycle.Lib3.csproj", "{EA2199CD-3C25-48AB-899C-77B98DFF8B91}"
EndProject
Project("{FAE04EC0-301F-11D3-BF4B-00C04F79EFBC}") = "Net.Cycle.Lib3V2", "Net.Cycle.Lib3V2\Net.Cycle.Lib3V2.csproj", "{95DA43EB-8074-4254-9A45-0A639803C6B2}"
EndProject
Global
	GlobalSection(SolutionConfigurationPlatforms) = preSolution
		Debug|Any CPU = Debug|Any CPU
		Debug|x64 = Debug|x64
		Debug|x86 = Debug|x86
		Release|Any CPU = Release|Any CPU
		Release|x64 = Release|x64
		Release|x86 = Release|x86
	EndGlobalSection
	GlobalSection(ProjectConfigurationPlatforms) = postSolution
		{CFEE7000-1881-4E69-B86C-DCD41FED5149}.Debug|Any CPU.ActiveCfg = Debug|Any CPU
		{CFEE7000-1881-4E69-B86C-DCD41FED5149}.Debug|Any CPU.Build.0 = Debug|Any CPU
		{CFEE7000-1881-4E69-B86C-DCD41FED5149}.Debug|x64.ActiveCfg = Debug|Any CPU
		{CFEE7000-1881-4E69-B86C-DCD41FED5149}.Debug|x64.Build.0 = Debug|Any CPU
		{CFEE7000-1881-4E69-B86C-DCD41FED5149}.Debug|x86.ActiveCfg = Debug|Any CPU
		{CFEE7000-1881-4E69-B86C-DCD41FED5149}.Debug|x86.Build.0 = Debug|Any CPU
		{CFEE7000-1881-4E69-B86C-DCD41FED5149}.Release|Any CPU.ActiveCfg = Release|Any CPU
		{CFEE7000-1881-4E69-B86C-DCD41FED5149}.Release|Any CPU.Build.0 = Release|Any CPU
		{CFEE7000-1881-4E69-B86C-DCD41FED5149}.Release|x64.ActiveCfg = Release|Any CPU
		{CFEE7000-1881-4E69-B86C-DCD41FED5149}.Release|x64.Build.0 = Release|Any CPU
		{CFEE7000-1881-4E69-B86C-DCD41FED5149}.Release|x86.ActiveCfg = Release|Any CPU
		{CFEE7000-1881-4E69-B86C-DCD41FED5149}.Release|x86.Build.0 = Release|Any CPU
		{49A8DA52-9DDA-4AD4-8B25-70234C76CAC5}.Debug|Any CPU.ActiveCfg = Debug|Any CPU
		{49A8DA52-9DDA-4AD4-8B25-70234C76CAC5}.Debug|Any CPU.Build.0 = Debug|Any CPU
		{49A8DA52-9DDA-4AD4-8B25-70234C76CAC5}.Debug|x64.ActiveCfg = Debug|Any CPU
		{49A8DA52-9DDA-4AD4-8B25-70234C76CAC5}.Debug|x64.Build.0 = Debug|Any CPU
		{49A8DA52-9DDA-4AD4-8B25-70234C76CAC5}.Debug|x86.ActiveCfg = Debug|Any CPU
		{49A8DA52-9DDA-4AD4-8B25-70234C76CAC5}.Debug|x86.Build.0 = Debug|Any CPU
		{49A8DA52-9DDA-4AD4-8B25-70234C76CAC5}.Release|Any CPU.ActiveCfg = Release|Any CPU
		{49A8DA52-9DDA-4AD4-8B25-70234C76CAC5}.Release|Any CPU.Build.0 = Release|Any CPU
		{49A8DA52-9DDA-4AD4-8B25-70234C76CAC5}.Release|x64.ActiveCfg = Release|Any CPU
		{49A8DA52-9DDA-4AD4-8B25-70234C76CAC5}.Release|x64.Build.0 = Release|Any CPU
		{49A8DA52-9DDA-4AD4-8B25-70234C76CAC5}.Release|x86.ActiveCfg = Release|Any CPU
		{49A8DA52-9DDA-4AD4-8B25-70234C76CAC5}.Release|x86.Build.0 = Release|Any CPU
		{3AF180AC-3797-4E30-8CB0-1BA8500B7E47}.Debug|Any CPU.ActiveCfg = Debug|Any CPU
		{3AF180AC-3797-4E30-8CB0-1BA8500B7E47}.Debug|Any CPU.Build.0 = Debug|Any CPU
		{3AF180AC-3797-4E30-8CB0-1BA8500B7E47}.Debug|x64.ActiveCfg = Debug|Any CPU
		{3AF180AC-3797-4E30-8CB0-1BA8500B7E47}.Debug|x64.Build.0 = Debug|Any CPU
		{3AF180AC-3797-4E30-8CB0-1BA8500B7E47}.Debug|x86.ActiveCfg = Debug|Any CPU
		{3AF180AC-3797-4E30-8CB0-1BA8500B7E47}.Debug|x86.Build.0 = Debug|Any CPU
		{3AF180AC-3797-4E30-8CB0-1BA8500B7E47}.Release|Any CPU.ActiveCfg = Release|Any CPU
		{3AF180AC-3797-4E30-8CB0-1BA8500B7E47}.Release|Any CPU.Build.0 = Release|Any CPU
		{3AF180AC-3797-4E30-8CB0-1BA8500B7E47}.Release|x64.ActiveCfg = Release|Any CPU
		{3AF180AC-3797-4E30-8CB0-1BA8500B7E47}.Release|x64.Build.0 = Release|Any CPU
		{3AF180AC-3797-4E30-8CB0-1BA8500B7E47}.Release|x86.ActiveCfg = Release|Any CPU
		{3AF180AC-3797-4E30-8CB0-1BA8500B7E47}.Release|x86.Build.0 = Release|Any CPU
		{EA2199CD-3C25-48AB-899C-77B98DFF8B91}.Debug|Any CPU.ActiveCfg = Debug|Any CPU
		{EA2199CD-3C25-48AB-899C-77B98DFF8B91}.Debug|Any CPU.Build.0 = Debug|Any CPU
		{EA2199CD-3C25-48AB-899C-77B98DFF8B91}.Debug|x64.ActiveCfg = Debug|Any CPU
		{EA2199CD-3C25-48AB-899C-77B98DFF8B91}.Debug|x64.Build.0 = Debug|Any CPU
		{EA2199CD-3C25-48AB-899C-77B98DFF8B91}.Debug|x86.ActiveCfg = Debug|Any CPU
		{EA2199CD-3C25-48AB-899C-77B98DFF8B91}.Debug|x86.Build.0 = Debug|Any CPU
		{EA2199CD-3C25-48AB-899C-77B98DFF8B91}.Release|Any CPU.ActiveCfg = Release|Any CPU
		{EA2199CD-3C25-48AB-899C-77B98DFF8B91}.Release|Any CPU.Build.0 = Release|Any CPU
		{EA2199CD-3C25-48AB-899C-77B98DFF8B91}.Release|x64.ActiveCfg = Release|Any CPU
		{EA2199CD-3C25-48AB-899C-77B98DFF8B91}.Release|x64.Build.0 = Release|Any CPU
		{EA2199CD-3C25-48AB-899C-77B98DFF8B91}.Release|x86.ActiveCfg = Release|Any CPU
		{EA2199CD-3C25-48AB-899C-77B98DFF8B91}.Release|x86.Build.0 = Release|Any CPU
		{95DA43EB-8074-4254-9A45-0A639803C6B2}.Debug|Any CPU.ActiveCfg = Debug|Any CPU
		{95DA43EB-8074-4254-9A45-0A639803C6B2}.Debug|Any CPU.Build.0 = Debug|Any CPU
		{95DA43EB-8074-4254-9A45-0A639803C6B2}.Debug|x64.ActiveCfg = Debug|Any CPU
		{95DA43EB-8074-4254-9A45-0A639803C6B2}.Debug|x64.Build.0 = Debug|Any CPU
		{95DA43EB-8074-4254-9A45-0A639803C6B2}.Debug|x86.ActiveCfg = Debug|Any CPU
		{95DA43EB-8074-4254-9A45-0A639803C6B2}.Debug|x86.Build.0 = Debug|Any CPU
		{95DA43EB-8074-4254-9A45-0A639803C6B2}.Release|Any CPU.ActiveCfg = Release|Any CPU
		{95DA43EB-8074-4254-9A45-0A639803C6B2}.Release|Any CPU.Build.0 = Release|Any CPU
		{95DA43EB-8074-4254-9A45-0A639803C6B2}.Release|x64.ActiveCfg = Release|Any CPU
		{95DA43EB-8074-4254-9A45-0A639803C6B2}.Release|x64.Build.0 = Release|Any CPU
		{95DA43EB-8074-4254-9A45-0A639803C6B2}.Release|x86.ActiveCfg = Release|Any CPU
		{95DA43EB-8074-4254-9A45-0A639803C6B2}.Release|x86.Build.0 = Release|Any CPU
	EndGlobalSection
	GlobalSection(SolutionProperties) = preSolution
		HideSolutionNode = FALSE
	EndGlobalSection
	GlobalSection(ExtensibilityGlobals) = postSolution
		SolutionGuid = {0A65E9E8-4F9B-4B06-8E23-D401ADCC4445}
	EndGlobalSection
EndGlobal
